
Microsoft Visual Studio Solution File, Format Version 12.00
# Visual Studio Version 16
VisualStudioVersion = 16.0.30503.244
MinimumVisualStudioVersion = 10.0.40219.1
Project("{888888A0-9F3D-457C-B088-3A5042F75D52}") = "mathTestAndDebugTools", "mathsTest\mathTestAndDebugTools.pyproj", "{D320B928-A3A9-4D77-8CFD-E54594B6A019}"
EndProject
Global
	GlobalSection(SolutionConfigurationPlatforms) = preSolution
		Debug|Any CPU = Debug|Any CPU
		Release|Any CPU = Release|Any CPU
	EndGlobalSection
	GlobalSection(ProjectConfigurationPlatforms) = postSolution
		{D320B928-A3A9-4D77-8CFD-E54594B6A019}.Debug|Any CPU.ActiveCfg = Debug|Any CPU
		{D320B928-A3A9-4D77-8CFD-E54594B6A019}.Release|Any CPU.ActiveCfg = Release|Any CPU
	EndGlobalSection
	GlobalSection(SolutionProperties) = preSolution
		HideSolutionNode = FALSE
	EndGlobalSection
	GlobalSection(ExtensibilityGlobals) = postSolution
		SolutionGuid = {89A1C5E8-A66D-4241-AC51-65634F2BBA16}
	EndGlobalSection
EndGlobal
